PODS:
  - SDWebImage (5.4.0):
    - SDWebImage/Core (= 5.4.0)
  - SDWebImage/Core (5.4.0)

DEPENDENCIES:
  - SDWebImage (~> 5.0)

SPEC REPOS:
  trunk:
    - SDWebImage

SPEC CHECKSUMS:
  SDWebImage: 5bf6aec6481ae2a062bdc59f9d6c1d1e552090e0

PODFILE CHECKSUM: c669181122752165a4acdc464a6e17613caf176d

COCOAPODS: 1.8.1
